
Microsoft Visual Studio Solution File, Format Version 12.00
# Visual Studio Version 17
VisualStudioVersion = 17.8.34511.84
MinimumVisualStudioVersion = 10.0.40219.1
Project("{9A19103F-16F7-4668-BE54-9A1E7A4F7556}") = "API_Progra_AvanzadaW", "API_Progra_AvanzadaW\API_Progra_AvanzadaW.csproj", "{5742934D-5283-4880-AF91-9D6421AC2735}"
EndProject
Project("{9A19103F-16F7-4668-BE54-9A1E7A4F7556}") = "Progra_Avanzada_W", "..\P_Avanzada_W\Progra_Avanzada_W\Progra_Avanzada_W.csproj", "{1B19F83D-D930-46B7-85C2-254226EE31C0}"
EndProject
Global
	GlobalSection(SolutionConfigurationPlatforms) = preSolution
		Debug|Any CPU = Debug|Any CPU
		Release|Any CPU = Release|Any CPU
	EndGlobalSection
	GlobalSection(ProjectConfigurationPlatforms) = postSolution
		{5742934D-5283-4880-AF91-9D6421AC2735}.Debug|Any CPU.ActiveCfg = Debug|Any CPU
		{5742934D-5283-4880-AF91-9D6421AC2735}.Debug|Any CPU.Build.0 = Debug|Any CPU
		{5742934D-5283-4880-AF91-9D6421AC2735}.Release|Any CPU.ActiveCfg = Release|Any CPU
		{5742934D-5283-4880-AF91-9D6421AC2735}.Release|Any CPU.Build.0 = Release|Any CPU
		{1B19F83D-D930-46B7-85C2-254226EE31C0}.Debug|Any CPU.ActiveCfg = Debug|Any CPU
		{1B19F83D-D930-46B7-85C2-254226EE31C0}.Debug|Any CPU.Build.0 = Debug|Any CPU
		{1B19F83D-D930-46B7-85C2-254226EE31C0}.Release|Any CPU.ActiveCfg = Release|Any CPU
		{1B19F83D-D930-46B7-85C2-254226EE31C0}.Release|Any CPU.Build.0 = Release|Any CPU
	EndGlobalSection
	GlobalSection(SolutionProperties) = preSolution
		HideSolutionNode = FALSE
	EndGlobalSection
	GlobalSection(ExtensibilityGlobals) = postSolution
		SolutionGuid = {363BB42B-C2BD-426C-A2A7-28D254294C61}
	EndGlobalSection
EndGlobal
